{
  "version": 4,
  "terraform_version": "1.15.3",
  "serial": 9,
  "lineage": "843db744-4c6b-3a6f-f7b9-6271048276df",
  "outputs": {
    "acr_login_server": {
      "value": "actualbudgetacrbmvsb5.azurecr.io",
      "type": "string"
    },
    "aks_cluster_name": {
      "value": "aks-actualbudget",
      "type": "string"
    },
    "appinsights_instrumentation_key": {
      "value": "d9a2b542-e6f3-4a0b-8800-a511e7425e93",
      "type": "string",
      "sensitive": true
    },
    "get_credentials_command": {
      "value": "az aks get-credentials --resource-group rg-actualbudget-capstone --name aks-actualbudget",
      "type": "string"
    },
    "key_vault_name": {
      "value": "kv-actualbudget-bmvsb5",
      "type": "string"
    },
    "resource_group_name": {
      "value": "rg-actualbudget-capstone",
      "type": "string"
    }
  },
  "resources": [
    {
      "mode": "data",
      "type": "azurerm_client_config",
      "name": "current",
      "provider": "provider[\"registry.terraform.io/hashicorp/azurerm\"]",
      "instances": [
        {
          "schema_version": 0,
          "attributes": {
            "client_id": "04b07795-8ddb-461a-bbee-02f9e1bf7b46",
            "id": "Y2xpZW50Q29uZmlncy9jbGllbnRJZD0wNGIwNzc5NS04ZGRiLTQ2MWEtYmJlZS0wMmY5ZTFiZjdiNDY7b2JqZWN0SWQ9ZGQ3NWI3MGEtM2I4Yi00NzNjLTgzODYtNjQzZGNjNWIxNTE3O3N1YnNjcmlwdGlvbklkPTkyZjMxNDU0LWQ0NzctNGI4ZC1iNThiLTQ4NzhlZGY1ZGYwNTt0ZW5hbnRJZD1jNDZhYjIxMy1kMTc5LTRhNzEtOWZmNy1iOWQ5ZmUzZjNiNDg=",
            "object_id": "dd75b70a-3b8b-473c-8386-643dcc5b1517",
            "subscription_id": "92f31454-d477-4b8d-b58b-4878edf5df05",
            "tenant_id": "c46ab213-d179-4a71-9ff7-b9d9fe3f3b48",
            "timeouts": null
          },
          "sensitive_attributes": [],
          "identity_schema_version": 0
        }
      ]
    },
    {
      "mode": "managed",
      "type": "azurerm_application_insights",
      "name": "appinsights",
      "provider": "provider[\"registry.terraform.io/hashicorp/azurerm\"]",
      "instances": [
        {
          "schema_version": 2,
          "attributes": {
            "app_id": "63743a2e-a684-45db-b656-cd906619db29",
            "application_type": "web",
            "connection_string": "InstrumentationKey=d9a2b542-e6f3-4a0b-8800-a511e7425e93;IngestionEndpoint=https://australiaeast-1.in.applicationinsights.azure.com/;LiveEndpoint=https://australiaeast.livediagnostics.monitor.azure.com/;ApplicationId=63743a2e-a684-45db-b656-cd906619db29",
            "daily_data_cap_in_gb": 100,
            "daily_data_cap_notifications_disabled": false,
            "disable_ip_masking": false,
            "force_customer_storage_for_profiler": false,
            "id": "/subscriptions/92f31454-d477-4b8d-b58b-4878edf5df05/resourceGroups/rg-actualbudget-capstone/providers/Microsoft.Insights/components/ai-actualbudget",
            "instrumentation_key": "d9a2b542-e6f3-4a0b-8800-a511e7425e93",
            "internet_ingestion_enabled": true,
            "internet_query_enabled": true,
            "local_authentication_disabled": false,
            "location": "australiaeast",
            "name": "ai-actualbudget",
            "resource_group_name": "rg-actualbudget-capstone",
            "retention_in_days": 90,
            "sampling_percentage": 100,
            "tags": null,
            "timeouts": null,
            "workspace_id": "/subscriptions/92f31454-d477-4b8d-b58b-4878edf5df05/resourceGroups/rg-actualbudget-capstone/providers/Microsoft.OperationalInsights/workspaces/law-actualbudget"
          },
          "sensitive_attributes": [
            [
              {
                "type": "get_attr",
                "value": "connection_string"
              }
            ],
            [
              {
                "type": "get_attr",
                "value": "instrumentation_key"
              }
            ]
          ],
          "identity_schema_version": 0,
          "private": "eyJlMmJmYjczMC1lY2FhLTExZTYtOGY4OC0zNDM2M2JjN2M0YzAiOnsiY3JlYXRlIjozNjAwMDAwMDAwMDAwLCJkZWxldGUiOjE4MDAwMDAwMDAwMDAsInJlYWQiOjMwMDAwMDAwMDAwMCwidXBkYXRlIjoxODAwMDAwMDAwMDAwfSwic2NoZW1hX3ZlcnNpb24iOiIyIn0=",
          "dependencies": [
            "azurerm_log_analytics_workspace.law",
            "azurerm_resource_group.rg"
          ]
        }
      ]
    },
    {
      "mode": "managed",
      "type": "azurerm_container_registry",
      "name": "acr",
      "provider": "provider[\"registry.terraform.io/hashicorp/azurerm\"]",
      "instances": [
        {
          "schema_version": 2,
          "attributes": {
            "admin_enabled": false,
            "admin_password": "",
            "admin_username": "",
            "anonymous_pull_enabled": false,
            "data_endpoint_enabled": false,
            "encryption": [
              {
                "enabled": false,
                "identity_client_id": "",
                "key_vault_key_id": ""
              }
            ],
            "export_policy_enabled": true,
            "georeplications": [],
            "id": "/subscriptions/92f31454-d477-4b8d-b58b-4878edf5df05/resourceGroups/rg-actualbudget-capstone/providers/Microsoft.ContainerRegistry/registries/actualbudgetacrbmvsb5",
            "identity": [],
            "location": "australiaeast",
            "login_server": "actualbudgetacrbmvsb5.azurecr.io",
            "name": "actualbudgetacrbmvsb5",
            "network_rule_bypass_option": "AzureServices",
            "network_rule_set": [],
            "public_network_access_enabled": true,
            "quarantine_policy_enabled": false,
            "resource_group_name": "rg-actualbudget-capstone",
            "retention_policy": [
              {
                "days": 7,
                "enabled": false
              }
            ],
            "sku": "Basic",
            "tags": null,
            "timeouts": null,
            "trust_policy": [
              {
                "enabled": false
              }
            ],
            "zone_redundancy_enabled": false
          },
          "sensitive_attributes": [
            [
              {
                "type": "get_attr",
                "value": "admin_password"
              }
            ]
          ],
          "identity_schema_version": 0,
          "private": "eyJlMmJmYjczMC1lY2FhLTExZTYtOGY4OC0zNDM2M2JjN2M0YzAiOnsiY3JlYXRlIjoxODAwMDAwMDAwMDAwLCJkZWxldGUiOjE4MDAwMDAwMDAwMDAsInJlYWQiOjMwMDAwMDAwMDAwMCwidXBkYXRlIjoxODAwMDAwMDAwMDAwfSwic2NoZW1hX3ZlcnNpb24iOiIyIn0=",
          "dependencies": [
            "azurerm_resource_group.rg",
            "random_string.suffix"
          ]
        }
      ]
    },
    {
      "mode": "managed",
      "type": "azurerm_key_vault",
      "name": "kv",
      "provider": "provider[\"registry.terraform.io/hashicorp/azurerm\"]",
      "instances": [
        {
          "schema_version": 2,
          "attributes": {
            "access_policy": [
              {
                "application_id": "",
                "certificate_permissions": null,
                "key_permissions": null,
                "object_id": "dd75b70a-3b8b-473c-8386-643dcc5b1517",
                "secret_permissions": [
                  "Get",
                  "List",
                  "Set",
                  "Delete",
                  "Purge"
                ],
                "storage_permissions": null,
                "tenant_id": "c46ab213-d179-4a71-9ff7-b9d9fe3f3b48"
              }
            ],
            "contact": [],
            "enable_rbac_authorization": false,
            "enabled_for_deployment": false,
            "enabled_for_disk_encryption": false,
            "enabled_for_template_deployment": false,
            "id": "/subscriptions/92f31454-d477-4b8d-b58b-4878edf5df05/resourceGroups/rg-actualbudget-capstone/providers/Microsoft.KeyVault/vaults/kv-actualbudget-bmvsb5",
            "location": "australiaeast",
            "name": "kv-actualbudget-bmvsb5",
            "network_acls": [
              {
                "bypass": "AzureServices",
                "default_action": "Allow",
                "ip_rules": [],
                "virtual_network_subnet_ids": []
              }
            ],
            "public_network_access_enabled": true,
            "purge_protection_enabled": false,
            "resource_group_name": "rg-actualbudget-capstone",
            "sku_name": "standard",
            "soft_delete_retention_days": 90,
            "tags": null,
            "tenant_id": "c46ab213-d179-4a71-9ff7-b9d9fe3f3b48",
            "timeouts": null,
            "vault_uri": "https://kv-actualbudget-bmvsb5.vault.azure.net/"
          },
          "sensitive_attributes": [],
          "identity_schema_version": 0,
          "private": "eyJlMmJmYjczMC1lY2FhLTExZTYtOGY4OC0zNDM2M2JjN2M0YzAiOnsiY3JlYXRlIjoxODAwMDAwMDAwMDAwLCJkZWxldGUiOjE4MDAwMDAwMDAwMDAsInJlYWQiOjMwMDAwMDAwMDAwMCwidXBkYXRlIjoxODAwMDAwMDAwMDAwfSwic2NoZW1hX3ZlcnNpb24iOiIyIn0=",
          "dependencies": [
            "azurerm_resource_group.rg",
            "data.azurerm_client_config.current",
            "random_string.suffix"
          ]
        }
      ]
    },
    {
      "mode": "managed",
      "type": "azurerm_key_vault_secret",
      "name": "appinsights_connstr",
      "provider": "provider[\"registry.terraform.io/hashicorp/azurerm\"]",
      "instances": [
        {
          "schema_version": 0,
          "attributes": {
            "content_type": "",
            "expiration_date": null,
            "id": "https://kv-actualbudget-bmvsb5.vault.azure.net/secrets/appinsights-connection-string/41c7e10705f94ea8b18cad57fc7ff24d",
            "key_vault_id": "/subscriptions/92f31454-d477-4b8d-b58b-4878edf5df05/resourceGroups/rg-actualbudget-capstone/providers/Microsoft.KeyVault/vaults/kv-actualbudget-bmvsb5",
            "name": "appinsights-connection-string",
            "not_before_date": null,
            "resource_id": "/subscriptions/92f31454-d477-4b8d-b58b-4878edf5df05/resourceGroups/rg-actualbudget-capstone/providers/Microsoft.KeyVault/vaults/kv-actualbudget-bmvsb5/secrets/appinsights-connection-string/versions/41c7e10705f94ea8b18cad57fc7ff24d",
            "resource_versionless_id": "/subscriptions/92f31454-d477-4b8d-b58b-4878edf5df05/resourceGroups/rg-actualbudget-capstone/providers/Microsoft.KeyVault/vaults/kv-actualbudget-bmvsb5/secrets/appinsights-connection-string",
            "tags": null,
            "timeouts": null,
            "value": "InstrumentationKey=d9a2b542-e6f3-4a0b-8800-a511e7425e93;IngestionEndpoint=https://australiaeast-1.in.applicationinsights.azure.com/;LiveEndpoint=https://australiaeast.livediagnostics.monitor.azure.com/;ApplicationId=63743a2e-a684-45db-b656-cd906619db29",
            "version": "41c7e10705f94ea8b18cad57fc7ff24d",
            "versionless_id": "https://kv-actualbudget-bmvsb5.vault.azure.net/secrets/appinsights-connection-string"
          },
          "sensitive_attributes": [
            [
              {
                "type": "get_attr",
                "value": "value"
              }
            ]
          ],
          "identity_schema_version": 0,
          "private": "eyJlMmJmYjczMC1lY2FhLTExZTYtOGY4OC0zNDM2M2JjN2M0YzAiOnsiY3JlYXRlIjoxODAwMDAwMDAwMDAwLCJkZWxldGUiOjE4MDAwMDAwMDAwMDAsInJlYWQiOjE4MDAwMDAwMDAwMDAsInVwZGF0ZSI6MTgwMDAwMDAwMDAwMH19",
          "dependencies": [
            "azurerm_application_insights.appinsights",
            "azurerm_key_vault.kv",
            "azurerm_log_analytics_workspace.law",
            "azurerm_resource_group.rg",
            "data.azurerm_client_config.current",
            "random_string.suffix"
          ]
        }
      ]
    },
    {
      "mode": "managed",
      "type": "azurerm_log_analytics_workspace",
      "name": "law",
      "provider": "provider[\"registry.terraform.io/hashicorp/azurerm\"]",
      "instances": [
        {
          "schema_version": 3,
          "attributes": {
            "allow_resource_only_permissions": true,
            "cmk_for_query_forced": false,
            "daily_quota_gb": -1,
            "data_collection_rule_id": "",
            "id": "/subscriptions/92f31454-d477-4b8d-b58b-4878edf5df05/resourceGroups/rg-actualbudget-capstone/providers/Microsoft.OperationalInsights/workspaces/law-actualbudget",
            "identity": [],
            "immediate_data_purge_on_30_days_enabled": false,
            "internet_ingestion_enabled": true,
            "internet_query_enabled": true,
            "local_authentication_disabled": false,
            "location": "australiaeast",
            "name": "law-actualbudget",
            "primary_shared_key": "WbxE4/O06PybQ4nJTGMolL8UtnZ62uBICN1zCpbfH45rVaeu1B0x/erhkPgSah/9JtLX3Q/HgzsYpGFkG1WQMQ==",
            "reservation_capacity_in_gb_per_day": null,
            "resource_group_name": "rg-actualbudget-capstone",
            "retention_in_days": 30,
            "secondary_shared_key": "PDGPVqoPseYztyRMFdhM3Q4j23w+i0xp808fWMUINHA3kDIFrSQu1zkiiAoWjtThPGgU3q03M1/P9DM3/+3i2A==",
            "sku": "PerGB2018",
            "tags": null,
            "timeouts": null,
            "workspace_id": "3725cae5-4c3e-4450-ba06-59bf916167ee"
          },
          "sensitive_attributes": [
            [
              {
                "type": "get_attr",
                "value": "primary_shared_key"
              }
            ],
            [
              {
                "type": "get_attr",
                "value": "secondary_shared_key"
              }
            ]
          ],
          "identity_schema_version": 0,
          "private": "eyJlMmJmYjczMC1lY2FhLTExZTYtOGY4OC0zNDM2M2JjN2M0YzAiOnsiY3JlYXRlIjoxODAwMDAwMDAwMDAwLCJkZWxldGUiOjE4MDAwMDAwMDAwMDAsInJlYWQiOjMwMDAwMDAwMDAwMCwidXBkYXRlIjoxODAwMDAwMDAwMDAwfSwic2NoZW1hX3ZlcnNpb24iOiIzIn0=",
          "dependencies": [
            "azurerm_resource_group.rg"
          ]
        }
      ]
    },
    {
      "mode": "managed",
      "type": "azurerm_resource_group",
      "name": "rg",
      "provider": "provider[\"registry.terraform.io/hashicorp/azurerm\"]",
      "instances": [
        {
          "schema_version": 0,
          "attributes": {
            "id": "/subscriptions/92f31454-d477-4b8d-b58b-4878edf5df05/resourceGroups/rg-actualbudget-capstone",
            "location": "australiaeast",
            "managed_by": "",
            "name": "rg-actualbudget-capstone",
            "tags": null,
            "timeouts": null
          },
          "sensitive_attributes": [],
          "identity_schema_version": 0,
          "private": "eyJlMmJmYjczMC1lY2FhLTExZTYtOGY4OC0zNDM2M2JjN2M0YzAiOnsiY3JlYXRlIjo1NDAwMDAwMDAwMDAwLCJkZWxldGUiOjU0MDAwMDAwMDAwMDAsInJlYWQiOjMwMDAwMDAwMDAwMCwidXBkYXRlIjo1NDAwMDAwMDAwMDAwfX0="
        }
      ]
    },
    {
      "mode": "managed",
      "type": "random_string",
      "name": "suffix",
      "provider": "provider[\"registry.terraform.io/hashicorp/random\"]",
      "instances": [
        {
          "schema_version": 2,
          "attributes": {
            "id": "bmvsb5",
            "keepers": null,
            "length": 6,
            "lower": true,
            "min_lower": 0,
            "min_numeric": 0,
            "min_special": 0,
            "min_upper": 0,
            "number": true,
            "numeric": true,
            "override_special": null,
            "result": "bmvsb5",
            "special": false,
            "upper": false
          },
          "sensitive_attributes": [],
          "identity_schema_version": 0
        }
      ]
    }
  ],
  "check_results": null
}
